
Microsoft Visual Studio Solution File, Format Version 12.00
# Visual Studio Version 17
VisualStudioVersion = 17.5.33414.496
MinimumVisualStudioVersion = 10.0.40219.1
Project("{FAE04EC0-301F-11D3-BF4B-00C04F79EFBC}") = "TPMODUL4_1302210014", "TPMODUL4_1302210014.csproj", "{5669F346-034E-4EA9-B104-7D89FCCEE09C}"
EndProject
Global
	GlobalSection(SolutionConfigurationPlatforms) = preSolution
		Debug|Any CPU = Debug|Any CPU
		Release|Any CPU = Release|Any CPU
	EndGlobalSection
	GlobalSection(ProjectConfigurationPlatforms) = postSolution
		{5669F346-034E-4EA9-B104-7D89FCCEE09C}.Debug|Any CPU.ActiveCfg = Debug|Any CPU
		{5669F346-034E-4EA9-B104-7D89FCCEE09C}.Debug|Any CPU.Build.0 = Debug|Any CPU
		{5669F346-034E-4EA9-B104-7D89FCCEE09C}.Release|Any CPU.ActiveCfg = Release|Any CPU
		{5669F346-034E-4EA9-B104-7D89FCCEE09C}.Release|Any CPU.Build.0 = Release|Any CPU
	EndGlobalSection
	GlobalSection(SolutionProperties) = preSolution
		HideSolutionNode = FALSE
	EndGlobalSection
	GlobalSection(ExtensibilityGlobals) = postSolution
		SolutionGuid = {36E9559A-4690-470B-9CBE-3A418F63271B}
	EndGlobalSection
EndGlobal
